{
  "name": "pietro-mastro-portfolio",
  "version": "1.0.0",
  "lockfileVersion": 3,
  "requires": true,
  "packages": {
    "": {
      "name": "pietro-mastro-portfolio",
      "version": "1.0.0",
      "license": "MIT",
      "dependencies": {
        "@fortawesome/fontawesome-free": "^6.4.0",
        "bootstrap": "^5.3.2"
      },
      "devDependencies": {
        "live-server": "^1.2.2"
      }
    },
    "node_modules/@fortawesome/fontawesome-free": {
      "version": "6.4.0",
      "resolved": "https://registry.npmjs.org/@fortawesome/fontawesome-free/-/fontawesome-free-6.4.0.tgz",
      "integrity": "sha512-0NyytTlPJwB/BF5LtRV8rrABDbe3TdTXqNB3PdZ+UUzU+0JzYq+Uu3SU0OeIr2KcMHFsG8KrQlWKrw8D+BnTw==",
      "engines": {
        "node": ">=6"
      }
    },
    "node_modules/bootstrap": {
      "version": "5.3.2",
      "resolved": "https://registry.npmjs.org/bootstrap/-/bootstrap-5.3.2.tgz",
      "integrity": "sha512-D32nmNWiQHlzBIcCnHwJzc8e9NLDAB+zfxDQ7qVVJUmKSjHzG3P8ybWkzVs4nWRbh9GGK1N8KcMtFD9KG48Xbg==",
      "funding": [
        {
          "type": "github",
          "url": "https://github.com/sponsors/twbs"
        },
        {
          "type": "opencollective",
          "url": "https://opencollective.com/bootstrap"
        }
      ],
      "peerDependencies": {
        "@popperjs/core": "^2.11.8"
      }
    },
    "node_modules/live-server": {
      "version": "1.2.2",
      "resolved": "https://registry.npmjs.org/live-server/-/live-server-1.2.2.tgz",
      "integrity": "sha512-t28HXLjITRGoMSrCOv4eZ88viHaBVIjKjdI5PO92Vxlu74qsZ4/kBq8AvQTCuCjnyzx/xdUZdOX5lrE+v1GMtA==",
      "dev": true,
      "dependencies": {
        "chokidar": "^2.0.4",
        "colors": "1.4.0",
        "connect": "^3.6.6",
        "cors": "latest",
        "event-stream": "3.3.4",
        "faye-websocket": "0.11.x",
        "http-auth": "3.1.x",
        "morgan": "^1.9.1",
        "object-assign": "latest",
        "opn": "latest",
        "proxy-middleware": "latest",
        "send": "latest",
        "serve-index": "^1.9.1"
      },
      "bin": {
        "live-server": "live-server.js"
      },
      "engines": {
        "node": ">=0.10.0"
      }
    }
  }
}